// !$*UTF8*$!
{
	archiveVersion = 1;
	classes = {
	};
	objectVersion = 46;
	objects = {

/* Begin PBXFileReference section */
		73F7E50A1A5FD89B00811D3F /* touchin-rateme.podspec */ = {isa = PBXFileReference; lastKnownFileType = text; path = "touchin-rateme.podspec"; sourceTree = "<group>"; };
		73F7E50B1A5FD89B00811D3F /* README.md */ = {isa = PBXFileReference; lastKnownFileType = net.daringfireball.markdown; path = README.md; sourceTree = "<group>"; };
		73F7E5121A5FDFE700811D3F /* TITableDataSourceWrapper.h */ = {isa = PBXFileReference; lastKnownFileType = sourcecode.c.h; path = TITableDataSourceWrapper.h; sourceTree = "<group>"; };
		73F7E5131A5FDFE700811D3F /* TITableDataSourceWrapper.m */ = {isa = PBXFileReference; lastKnownFileType = sourcecode.c.objc; path = TITableDataSourceWrapper.m; sourceTree = "<group>"; };
		73F7E5161A6033F000811D3F /* TIRateMeCellTableViewCell.h */ = {isa = PBXFileReference; lastKnownFileType = sourcecode.c.h; path = TIRateMeCellTableViewCell.h; sourceTree = "<group>"; };
		73F7E5171A6033F000811D3F /* TIRateMeCellTableViewCell.m */ = {isa = PBXFileReference; lastKnownFileType = sourcecode.c.objc; path = TIRateMeCellTableViewCell.m; sourceTree = "<group>"; };
		73F7E51B1A603D2700811D3F /* en */ = {isa = PBXFileReference; lastKnownFileType = text.plist.strings; name = en; path = en.lproj/TIRateMe.strings; sourceTree = "<group>"; };
		73F7E51D1A603DF300811D3F /* ru */ = {isa = PBXFileReference; lastKnownFileType = text.plist.strings; name = ru; path = ru.lproj/TIRateMe.strings; sourceTree = "<group>"; };
		73F7E51E1A603E2B00811D3F /* TIRateMeCell.xib */ = {isa = PBXFileReference; lastKnownFileType = file.xib; path = TIRateMeCell.xib; sourceTree = "<group>"; };
/* End PBXFileReference section */

/* Begin PBXGroup section */
		7374A7EA1A5FD84500355155 = {
			isa = PBXGroup;
			children = (
				73F7E5141A5FE02E00811D3F /* Assets */,
				73F7E5111A5FDFE700811D3F /* Classes */,
				73F7E50A1A5FD89B00811D3F /* touchin-rateme.podspec */,
				73F7E50B1A5FD89B00811D3F /* README.md */,
			);
			sourceTree = "<group>";
		};
		73F7E5111A5FDFE700811D3F /* Classes */ = {
			isa = PBXGroup;
			children = (
				73F7E5121A5FDFE700811D3F /* TITableDataSourceWrapper.h */,
				73F7E5131A5FDFE700811D3F /* TITableDataSourceWrapper.m */,
				73F7E5161A6033F000811D3F /* TIRateMeCellTableViewCell.h */,
				73F7E5171A6033F000811D3F /* TIRateMeCellTableViewCell.m */,
			);
			name = Classes;
			path = Pod/Classes;
			sourceTree = "<group>";
		};
		73F7E5141A5FE02E00811D3F /* Assets */ = {
			isa = PBXGroup;
			children = (
				73F7E51E1A603E2B00811D3F /* TIRateMeCell.xib */,
				73F7E51C1A603D2700811D3F /* TIRateMe.strings */,
			);
			name = Assets;
			path = Pod/Assets;
			sourceTree = "<group>";
		};
/* End PBXGroup section */

/* Begin PBXProject section */
		7374A7EB1A5FD84500355155 /* Project object */ = {
			isa = PBXProject;
			attributes = {
				LastUpgradeCheck = 0610;
			};
			buildConfigurationList = 7374A7EE1A5FD84500355155 /* Build configuration list for PBXProject "touchin-rateme" */;
			compatibilityVersion = "Xcode 3.2";
			developmentRegion = English;
			hasScannedForEncodings = 0;
			knownRegions = (
				en,
				ru,
			);
			mainGroup = 7374A7EA1A5FD84500355155;
			projectDirPath = "";
			projectRoot = "";
			targets = (
			);
		};
/* End PBXProject section */

/* Begin PBXVariantGroup section */
		73F7E51C1A603D2700811D3F /* TIRateMe.strings */ = {
			isa = PBXVariantGroup;
			children = (
				73F7E51B1A603D2700811D3F /* en */,
				73F7E51D1A603DF300811D3F /* ru */,
			);
			name = TIRateMe.strings;
			sourceTree = "<group>";
		};
/* End PBXVariantGroup section */

/* Begin XCBuildConfiguration section */
		7374A7EF1A5FD84500355155 /* Debug */ = {
			isa = XCBuildConfiguration;
			buildSettings = {
			};
			name = Debug;
		};
		7374A7F01A5FD84500355155 /* Release */ = {
			isa = XCBuildConfiguration;
			buildSettings = {
			};
			name = Release;
		};
/* End XCBuildConfiguration section */

/* Begin XCConfigurationList section */
		7374A7EE1A5FD84500355155 /* Build configuration list for PBXProject "touchin-rateme" */ = {
			isa = XCConfigurationList;
			buildConfigurations = (
				7374A7EF1A5FD84500355155 /* Debug */,
				7374A7F01A5FD84500355155 /* Release */,
			);
			defaultConfigurationIsVisible = 0;
			defaultConfigurationName = Release;
		};
/* End XCConfigurationList section */
	};
	rootObject = 7374A7EB1A5FD84500355155 /* Project object */;
}
